
Microsoft Visual Studio Solution File, Format Version 12.00
# Visual Studio Version 17
VisualStudioVersion = 17.9.34728.123
MinimumVisualStudioVersion = 10.0.40219.1
Project("{FAE04EC0-301F-11D3-BF4B-00C04F79EFBC}") = "MVCSmallFarm", "MVCSmallFarm\MVCSmallFarm.csproj", "{D1EFF776-2D53-4DB5-A675-1E560C9E341F}"
EndProject
Global
	GlobalSection(SolutionConfigurationPlatforms) = preSolution
		Debug|Any CPU = Debug|Any CPU
		Release|Any CPU = Release|Any CPU
	EndGlobalSection
	GlobalSection(ProjectConfigurationPlatforms) = postSolution
		{D1EFF776-2D53-4DB5-A675-1E560C9E341F}.Debug|Any CPU.ActiveCfg = Debug|Any CPU
		{D1EFF776-2D53-4DB5-A675-1E560C9E341F}.Debug|Any CPU.Build.0 = Debug|Any CPU
		{D1EFF776-2D53-4DB5-A675-1E560C9E341F}.Release|Any CPU.ActiveCfg = Release|Any CPU
		{D1EFF776-2D53-4DB5-A675-1E560C9E341F}.Release|Any CPU.Build.0 = Release|Any CPU
	EndGlobalSection
	GlobalSection(SolutionProperties) = preSolution
		HideSolutionNode = FALSE
	EndGlobalSection
	GlobalSection(ExtensibilityGlobals) = postSolution
		SolutionGuid = {D11F0D36-2B76-499C-8826-70DB0B1E7666}
	EndGlobalSection
EndGlobal
